
Microsoft Visual Studio Solution File, Format Version 12.00
# Visual Studio Version 16
VisualStudioVersion = 16.0.29512.175
MinimumVisualStudioVersion = 10.0.40219.1
Project("{FAE04EC0-301F-11D3-BF4B-00C04F79EFBC}") = "PiReOnLauncher", "PiReOnLauncher\PiReOnLauncher.csproj", "{5F32B19F-0D65-4CA8-85B9-F293FB0275F4}"
EndProject
Project("{9A19103F-16F7-4668-BE54-9A1E7A4F7556}") = "PiReOn.Tests", "PiReOn.Tests\PiReOn.Tests.csproj", "{5C37D3D9-0708-464C-88FA-80555B835AD4}"
EndProject
Project("{FAE04EC0-301F-11D3-BF4B-00C04F79EFBC}") = "AuthLib", "AuthLib\AuthLib.csproj", "{8FF84A18-18BF-4C30-A20B-CC84E0BC82C4}"
EndProject
Global
	GlobalSection(SolutionConfigurationPlatforms) = preSolution
		Debug|Any CPU = Debug|Any CPU
		Debug|x64 = Debug|x64
		Release|Any CPU = Release|Any CPU
		Release|x64 = Release|x64
	EndGlobalSection
	GlobalSection(ProjectConfigurationPlatforms) = postSolution
		{5F32B19F-0D65-4CA8-85B9-F293FB0275F4}.Debug|Any CPU.ActiveCfg = Debug|Any CPU
		{5F32B19F-0D65-4CA8-85B9-F293FB0275F4}.Debug|Any CPU.Build.0 = Debug|Any CPU
		{5F32B19F-0D65-4CA8-85B9-F293FB0275F4}.Debug|x64.ActiveCfg = Debug|x64
		{5F32B19F-0D65-4CA8-85B9-F293FB0275F4}.Debug|x64.Build.0 = Debug|x64
		{5F32B19F-0D65-4CA8-85B9-F293FB0275F4}.Release|Any CPU.ActiveCfg = Release|Any CPU
		{5F32B19F-0D65-4CA8-85B9-F293FB0275F4}.Release|Any CPU.Build.0 = Release|Any CPU
		{5F32B19F-0D65-4CA8-85B9-F293FB0275F4}.Release|x64.ActiveCfg = Release|x64
		{5F32B19F-0D65-4CA8-85B9-F293FB0275F4}.Release|x64.Build.0 = Release|x64
		{5C37D3D9-0708-464C-88FA-80555B835AD4}.Debug|Any CPU.ActiveCfg = Debug|Any CPU
		{5C37D3D9-0708-464C-88FA-80555B835AD4}.Debug|Any CPU.Build.0 = Debug|Any CPU
		{5C37D3D9-0708-464C-88FA-80555B835AD4}.Debug|x64.ActiveCfg = Debug|Any CPU
		{5C37D3D9-0708-464C-88FA-80555B835AD4}.Debug|x64.Build.0 = Debug|Any CPU
		{5C37D3D9-0708-464C-88FA-80555B835AD4}.Release|Any CPU.ActiveCfg = Release|Any CPU
		{5C37D3D9-0708-464C-88FA-80555B835AD4}.Release|Any CPU.Build.0 = Release|Any CPU
		{5C37D3D9-0708-464C-88FA-80555B835AD4}.Release|x64.ActiveCfg = Release|Any CPU
		{5C37D3D9-0708-464C-88FA-80555B835AD4}.Release|x64.Build.0 = Release|Any CPU
		{8FF84A18-18BF-4C30-A20B-CC84E0BC82C4}.Debug|Any CPU.ActiveCfg = Debug|Any CPU
		{8FF84A18-18BF-4C30-A20B-CC84E0BC82C4}.Debug|Any CPU.Build.0 = Debug|Any CPU
		{8FF84A18-18BF-4C30-A20B-CC84E0BC82C4}.Debug|x64.ActiveCfg = Debug|Any CPU
		{8FF84A18-18BF-4C30-A20B-CC84E0BC82C4}.Debug|x64.Build.0 = Debug|Any CPU
		{8FF84A18-18BF-4C30-A20B-CC84E0BC82C4}.Release|Any CPU.ActiveCfg = Release|Any CPU
		{8FF84A18-18BF-4C30-A20B-CC84E0BC82C4}.Release|Any CPU.Build.0 = Release|Any CPU
		{8FF84A18-18BF-4C30-A20B-CC84E0BC82C4}.Release|x64.ActiveCfg = Release|Any CPU
		{8FF84A18-18BF-4C30-A20B-CC84E0BC82C4}.Release|x64.Build.0 = Release|Any CPU
	EndGlobalSection
	GlobalSection(SolutionProperties) = preSolution
		HideSolutionNode = FALSE
	EndGlobalSection
	GlobalSection(ExtensibilityGlobals) = postSolution
		SolutionGuid = {BB6019C7-1225-41CD-9100-43C1189651BD}
	EndGlobalSection
EndGlobal
